
Microsoft Visual Studio Solution File, Format Version 12.00
# Visual Studio 15
Project("{FAE04EC0-301F-11D3-BF4B-00C04F79EFBC}") = "labb.Android", "labb.Android\labb.Android.csproj", "{0829E403-BEDA-4CB2-9B93-CAF97F80EE5B}"
EndProject
Project("{FAE04EC0-301F-11D3-BF4B-00C04F79EFBC}") = "labb.iOS", "labb.iOS\labb.iOS.csproj", "{99C6D5A0-F694-4AD0-819B-155E8F789FF1}"
EndProject
Project("{FAE04EC0-301F-11D3-BF4B-00C04F79EFBC}") = "labb", "labb\labb.csproj", "{C0C37CA8-6AF7-4EF6-935C-D8B507E3498F}"
EndProject
Global
	GlobalSection(SolutionConfigurationPlatforms) = preSolution
		Debug|Any CPU = Debug|Any CPU
		Release|Any CPU = Release|Any CPU
		Debug|iPhoneSimulator = Debug|iPhoneSimulator
		Release|iPhoneSimulator = Release|iPhoneSimulator
		Debug|iPhone = Debug|iPhone
		Release|iPhone = Release|iPhone
		Ad-Hoc|iPhone = Ad-Hoc|iPhone
		AppStore|iPhone = AppStore|iPhone
	EndGlobalSection
	GlobalSection(ProjectConfigurationPlatforms) = postSolution
		{0829E403-BEDA-4CB2-9B93-CAF97F80EE5B}.Debug|Any CPU.ActiveCfg = Debug|Any CPU
		{0829E403-BEDA-4CB2-9B93-CAF97F80EE5B}.Debug|Any CPU.Build.0 = Debug|Any CPU
		{0829E403-BEDA-4CB2-9B93-CAF97F80EE5B}.Release|Any CPU.ActiveCfg = Release|Any CPU
		{0829E403-BEDA-4CB2-9B93-CAF97F80EE5B}.Release|Any CPU.Build.0 = Release|Any CPU
		{0829E403-BEDA-4CB2-9B93-CAF97F80EE5B}.Debug|iPhoneSimulator.ActiveCfg = Debug|Any CPU
		{0829E403-BEDA-4CB2-9B93-CAF97F80EE5B}.Debug|iPhoneSimulator.Build.0 = Debug|Any CPU
		{0829E403-BEDA-4CB2-9B93-CAF97F80EE5B}.Release|iPhoneSimulator.ActiveCfg = Release|Any CPU
		{0829E403-BEDA-4CB2-9B93-CAF97F80EE5B}.Release|iPhoneSimulator.Build.0 = Release|Any CPU
		{0829E403-BEDA-4CB2-9B93-CAF97F80EE5B}.Debug|iPhone.ActiveCfg = Debug|Any CPU
		{0829E403-BEDA-4CB2-9B93-CAF97F80EE5B}.Debug|iPhone.Build.0 = Debug|Any CPU
		{0829E403-BEDA-4CB2-9B93-CAF97F80EE5B}.Release|iPhone.ActiveCfg = Release|Any CPU
		{0829E403-BEDA-4CB2-9B93-CAF97F80EE5B}.Release|iPhone.Build.0 = Release|Any CPU
		{0829E403-BEDA-4CB2-9B93-CAF97F80EE5B}.Ad-Hoc|iPhone.ActiveCfg = Debug|Any CPU
		{0829E403-BEDA-4CB2-9B93-CAF97F80EE5B}.Ad-Hoc|iPhone.Build.0 = Debug|Any CPU
		{0829E403-BEDA-4CB2-9B93-CAF97F80EE5B}.AppStore|iPhone.ActiveCfg = Debug|Any CPU
		{0829E403-BEDA-4CB2-9B93-CAF97F80EE5B}.AppStore|iPhone.Build.0 = Debug|Any CPU
		{99C6D5A0-F694-4AD0-819B-155E8F789FF1}.Debug|Any CPU.ActiveCfg = Debug|iPhoneSimulator
		{99C6D5A0-F694-4AD0-819B-155E8F789FF1}.Debug|Any CPU.Build.0 = Debug|iPhoneSimulator
		{99C6D5A0-F694-4AD0-819B-155E8F789FF1}.Release|Any CPU.ActiveCfg = Release|iPhoneSimulator
		{99C6D5A0-F694-4AD0-819B-155E8F789FF1}.Release|Any CPU.Build.0 = Release|iPhoneSimulator
		{99C6D5A0-F694-4AD0-819B-155E8F789FF1}.Debug|iPhoneSimulator.ActiveCfg = Debug|iPhoneSimulator
		{99C6D5A0-F694-4AD0-819B-155E8F789FF1}.Debug|iPhoneSimulator.Build.0 = Debug|iPhoneSimulator
		{99C6D5A0-F694-4AD0-819B-155E8F789FF1}.Release|iPhoneSimulator.ActiveCfg = Release|iPhoneSimulator
		{99C6D5A0-F694-4AD0-819B-155E8F789FF1}.Release|iPhoneSimulator.Build.0 = Release|iPhoneSimulator
		{99C6D5A0-F694-4AD0-819B-155E8F789FF1}.Debug|iPhone.ActiveCfg = Debug|iPhone
		{99C6D5A0-F694-4AD0-819B-155E8F789FF1}.Debug|iPhone.Build.0 = Debug|iPhone
		{99C6D5A0-F694-4AD0-819B-155E8F789FF1}.Release|iPhone.ActiveCfg = Release|iPhone
		{99C6D5A0-F694-4AD0-819B-155E8F789FF1}.Release|iPhone.Build.0 = Release|iPhone
		{99C6D5A0-F694-4AD0-819B-155E8F789FF1}.Ad-Hoc|iPhone.ActiveCfg = Ad-Hoc|iPhone
		{99C6D5A0-F694-4AD0-819B-155E8F789FF1}.Ad-Hoc|iPhone.Build.0 = Ad-Hoc|iPhone
		{99C6D5A0-F694-4AD0-819B-155E8F789FF1}.AppStore|iPhone.ActiveCfg = AppStore|iPhone
		{99C6D5A0-F694-4AD0-819B-155E8F789FF1}.AppStore|iPhone.Build.0 = AppStore|iPhone
		{C0C37CA8-6AF7-4EF6-935C-D8B507E3498F}.Debug|Any CPU.ActiveCfg = Debug|Any CPU
		{C0C37CA8-6AF7-4EF6-935C-D8B507E3498F}.Debug|Any CPU.Build.0 = Debug|Any CPU
		{C0C37CA8-6AF7-4EF6-935C-D8B507E3498F}.Release|Any CPU.ActiveCfg = Release|Any CPU
		{C0C37CA8-6AF7-4EF6-935C-D8B507E3498F}.Release|Any CPU.Build.0 = Release|Any CPU
		{C0C37CA8-6AF7-4EF6-935C-D8B507E3498F}.Debug|iPhoneSimulator.ActiveCfg = Debug|Any CPU
		{C0C37CA8-6AF7-4EF6-935C-D8B507E3498F}.Debug|iPhoneSimulator.Build.0 = Debug|Any CPU
		{C0C37CA8-6AF7-4EF6-935C-D8B507E3498F}.Release|iPhoneSimulator.ActiveCfg = Release|Any CPU
		{C0C37CA8-6AF7-4EF6-935C-D8B507E3498F}.Release|iPhoneSimulator.Build.0 = Release|Any CPU
		{C0C37CA8-6AF7-4EF6-935C-D8B507E3498F}.Debug|iPhone.ActiveCfg = Debug|Any CPU
		{C0C37CA8-6AF7-4EF6-935C-D8B507E3498F}.Debug|iPhone.Build.0 = Debug|Any CPU
		{C0C37CA8-6AF7-4EF6-935C-D8B507E3498F}.Release|iPhone.ActiveCfg = Release|Any CPU
		{C0C37CA8-6AF7-4EF6-935C-D8B507E3498F}.Release|iPhone.Build.0 = Release|Any CPU
		{C0C37CA8-6AF7-4EF6-935C-D8B507E3498F}.Ad-Hoc|iPhone.ActiveCfg = Debug|Any CPU
		{C0C37CA8-6AF7-4EF6-935C-D8B507E3498F}.Ad-Hoc|iPhone.Build.0 = Debug|Any CPU
		{C0C37CA8-6AF7-4EF6-935C-D8B507E3498F}.AppStore|iPhone.ActiveCfg = Debug|Any CPU
		{C0C37CA8-6AF7-4EF6-935C-D8B507E3498F}.AppStore|iPhone.Build.0 = Debug|Any CPU
	EndGlobalSection
EndGlobal
